{
  "lockfileVersion": 1,
  "configVersion": 1,
  "workspaces": {
    "": {
      "dependencies": {
        "@opencode-ai/plugin": "1.1.20",
      },
    },
  },
  "packages": {
    "@opencode-ai/plugin": ["@opencode-ai/plugin@1.1.20", "", { "dependencies": { "@opencode-ai/sdk": "1.1.20", "zod": "4.1.8" } }, "sha512-VR+9WxoY0YoHepywkTAq8sNNouwqbGZszeSwddiGvqqnupcz82oQ7PoqXgk4WWi8tbPGP2jbMlk+p4UajE26vA=="],

    "@opencode-ai/sdk": ["@opencode-ai/sdk@1.1.20", "", {}, "sha512-OYzRFqf13y09TSiaQynsInpvJ2benk63NX+4HM7PbV85vYluGxRIB4j7CLCQUGojFmUz8+gOwiJ8+DDnv1h7lQ=="],

    "zod": ["zod@4.1.8", "", {}, "sha512-5R1P+WwQqmmMIEACyzSvo4JXHY5WiAFHRMg+zBZKgKS+Q1viRa0C1hmUKtHltoIFKtIdki3pRxkmpP74jnNYHQ=="],
  }
}
