{
  "lockfileVersion": 1,
  "configVersion": 1,
  "workspaces": {
    "": {
      "dependencies": {
        "@opencode-ai/plugin": "1.0.175",
      },
    },
  },
  "packages": {
    "@opencode-ai/plugin": ["@opencode-ai/plugin@1.0.175", "", { "dependencies": { "@opencode-ai/sdk": "1.0.175", "zod": "4.1.8" } }, "sha512-RSeyDnfFkQ6TXkSzEtruVxgPAsMTAOTnJsyUtUgp7/na7uH5tcYb4cL6i/yHvgU6HCWDmpmLUgeZs1sGOpAxMA=="],

    "@opencode-ai/sdk": ["@opencode-ai/sdk@1.0.175", "", {}, "sha512-n0RtVBfU4j/nCEAr/s//jVRSFaZRS6DZZTzEOqwQce4C7957HnuMH674NeruHltl2AiXn/LNUkWa/7c/R4a3bA=="],

    "zod": ["zod@4.1.8", "", {}, "sha512-5R1P+WwQqmmMIEACyzSvo4JXHY5WiAFHRMg+zBZKgKS+Q1viRa0C1hmUKtHltoIFKtIdki3pRxkmpP74jnNYHQ=="],
  }
}
